// !$*UTF8*$!
{
	archiveVersion = 1;
	classes = {
	};
	objectVersion = 46;
	objects = {

/* Begin PBXBuildFile section */
		173C099E1EC5F1760061536A /* AppDelegate.swift in Sources */ = {isa = PBXBuildFile; fileRef = 173C099D1EC5F1760061536A /* AppDelegate.swift */; };
		173C09A01EC5F1760061536A /* ViewController.swift in Sources */ = {isa = PBXBuildFile; fileRef = 173C099F1EC5F1760061536A /* ViewController.swift */; };
		173C09A31EC5F1760061536A /* Main.storyboard in Resources */ = {isa = PBXBuildFile; fileRef = 173C09A11EC5F1760061536A /* Main.storyboard */; };
		173C09A51EC5F1760061536A /* Assets.xcassets in Resources */ = {isa = PBXBuildFile; fileRef = 173C09A41EC5F1760061536A /* Assets.xcassets */; };
		173C09A81EC5F1770061536A /* LaunchScreen.storyboard in Resources */ = {isa = PBXBuildFile; fileRef = 173C09A61EC5F1770061536A /* LaunchScreen.storyboard */; };
		175C26801EC5F3C4005B54FE /* circle@2x.png in Resources */ = {isa = PBXBuildFile; fileRef = 175C26751EC5F3C4005B54FE /* circle@2x.png */; };
		175C26811EC5F3C4005B54FE /* mute.png in Resources */ = {isa = PBXBuildFile; fileRef = 175C26761EC5F3C4005B54FE /* mute.png */; };
		175C26821EC5F3C4005B54FE /* pause.png in Resources */ = {isa = PBXBuildFile; fileRef = 175C26771EC5F3C4005B54FE /* pause.png */; };
		175C26831EC5F3C4005B54FE /* placeholder1.png in Resources */ = {isa = PBXBuildFile; fileRef = 175C26781EC5F3C4005B54FE /* placeholder1.png */; };
		175C26841EC5F3C4005B54FE /* placeholder.png in Resources */ = {isa = PBXBuildFile; fileRef = 175C26791EC5F3C4005B54FE /* placeholder.png */; };
		175C26851EC5F3C4005B54FE /* play.png in Resources */ = {isa = PBXBuildFile; fileRef = 175C267A1EC5F3C4005B54FE /* play.png */; };
		175C26861EC5F3C4005B54FE /* qualityhd.png in Resources */ = {isa = PBXBuildFile; fileRef = 175C267B1EC5F3C4005B54FE /* qualityhd.png */; };
		175C26871EC5F3C4005B54FE /* quality.png in Resources */ = {isa = PBXBuildFile; fileRef = 175C267C1EC5F3C4005B54FE /* quality.png */; };
		175C26881EC5F3C4005B54FE /* fullscreenIN1.png in Resources */ = {isa = PBXBuildFile; fileRef = 175C267D1EC5F3C4005B54FE /* fullscreenIN1.png */; };
		175C26891EC5F3C4005B54FE /* fullscreenOUT.png in Resources */ = {isa = PBXBuildFile; fileRef = 175C267E1EC5F3C4005B54FE /* fullscreenOUT.png */; };
		175C268A1EC5F3C4005B54FE /* speaker.png in Resources */ = {isa = PBXBuildFile; fileRef = 175C267F1EC5F3C4005B54FE /* speaker.png */; };
/* End PBXBuildFile section */

/* Begin PBXFileReference section */
		173C099A1EC5F1760061536A /* TVPBundleDemo.app */ = {isa = PBXFileReference; explicitFileType = wrapper.application; includeInIndex = 0; path = TVPBundleDemo.app; sourceTree = BUILT_PRODUCTS_DIR; };
		173C099D1EC5F1760061536A /* AppDelegate.swift */ = {isa = PBXFileReference; lastKnownFileType = sourcecode.swift; path = AppDelegate.swift; sourceTree = "<group>"; };
		173C099F1EC5F1760061536A /* ViewController.swift */ = {isa = PBXFileReference; lastKnownFileType = sourcecode.swift; path = ViewController.swift; sourceTree = "<group>"; };
		173C09A21EC5F1760061536A /* Base */ = {isa = PBXFileReference; lastKnownFileType = file.storyboard; name = Base; path = Base.lproj/Main.storyboard; sourceTree = "<group>"; };
		173C09A41EC5F1760061536A /* Assets.xcassets */ = {isa = PBXFileReference; lastKnownFileType = folder.assetcatalog; path = Assets.xcassets; sourceTree = "<group>"; };
		173C09A71EC5F1770061536A /* Base */ = {isa = PBXFileReference; lastKnownFileType = file.storyboard; name = Base; path = Base.lproj/LaunchScreen.storyboard; sourceTree = "<group>"; };
		173C09A91EC5F1770061536A /* Info.plist */ = {isa = PBXFileReference; lastKnownFileType = text.plist.xml; path = Info.plist; sourceTree = "<group>"; };
		173C09B31EC5F1910061536A /* TVPBundle.bundle */ = {isa = PBXFileReference; explicitFileType = wrapper.cfbundle; includeInIndex = 0; path = TVPBundle.bundle; sourceTree = BUILT_PRODUCTS_DIR; };
		173C09B51EC5F1910061536A /* Info.plist */ = {isa = PBXFileReference; lastKnownFileType = text.plist.xml; path = Info.plist; sourceTree = "<group>"; };
		175C26751EC5F3C4005B54FE /* circle@2x.png */ = {isa = PBXFileReference; lastKnownFileType = image.png; path = "circle@2x.png"; sourceTree = "<group>"; };
		175C26761EC5F3C4005B54FE /* mute.png */ = {isa = PBXFileReference; lastKnownFileType = image.png; path = mute.png; sourceTree = "<group>"; };
		175C26771EC5F3C4005B54FE /* pause.png */ = {isa = PBXFileReference; lastKnownFileType = image.png; path = pause.png; sourceTree = "<group>"; };
		175C26781EC5F3C4005B54FE /* placeholder1.png */ = {isa = PBXFileReference; lastKnownFileType = image.png; path = placeholder1.png; sourceTree = "<group>"; };
		175C26791EC5F3C4005B54FE /* placeholder.png */ = {isa = PBXFileReference; lastKnownFileType = image.png; path = placeholder.png; sourceTree = "<group>"; };
		175C267A1EC5F3C4005B54FE /* play.png */ = {isa = PBXFileReference; lastKnownFileType = image.png; path = play.png; sourceTree = "<group>"; };
		175C267B1EC5F3C4005B54FE /* qualityhd.png */ = {isa = PBXFileReference; lastKnownFileType = image.png; path = qualityhd.png; sourceTree = "<group>"; };
		175C267C1EC5F3C4005B54FE /* quality.png */ = {isa = PBXFileReference; lastKnownFileType = image.png; path = quality.png; sourceTree = "<group>"; };
		175C267D1EC5F3C4005B54FE /* fullscreenIN1.png */ = {isa = PBXFileReference; lastKnownFileType = image.png; path = fullscreenIN1.png; sourceTree = "<group>"; };
		175C267E1EC5F3C4005B54FE /* fullscreenOUT.png */ = {isa = PBXFileReference; lastKnownFileType = image.png; path = fullscreenOUT.png; sourceTree = "<group>"; };
		175C267F1EC5F3C4005B54FE /* speaker.png */ = {isa = PBXFileReference; lastKnownFileType = image.png; path = speaker.png; sourceTree = "<group>"; };
/* End PBXFileReference section */

/* Begin PBXFrameworksBuildPhase section */
		173C09971EC5F1760061536A /* Frameworks */ = {
			isa = PBXFrameworksBuildPhase;
			buildActionMask = 2147483647;
			files = (
			);
			runOnlyForDeploymentPostprocessing = 0;
		};
		173C09B01EC5F1910061536A /* Frameworks */ = {
			isa = PBXFrameworksBuildPhase;
			buildActionMask = 2147483647;
			files = (
			);
			runOnlyForDeploymentPostprocessing = 0;
		};
/* End PBXFrameworksBuildPhase section */

/* Begin PBXGroup section */
		173C09911EC5F1760061536A = {
			isa = PBXGroup;
			children = (
				173C099C1EC5F1760061536A /* TVPBundleDemo */,
				173C09B41EC5F1910061536A /* TVPBundle */,
				173C099B1EC5F1760061536A /* Products */,
			);
			sourceTree = "<group>";
		};
		173C099B1EC5F1760061536A /* Products */ = {
			isa = PBXGroup;
			children = (
				173C099A1EC5F1760061536A /* TVPBundleDemo.app */,
				173C09B31EC5F1910061536A /* TVPBundle.bundle */,
			);
			name = Products;
			sourceTree = "<group>";
		};
		173C099C1EC5F1760061536A /* TVPBundleDemo */ = {
			isa = PBXGroup;
			children = (
				173C099D1EC5F1760061536A /* AppDelegate.swift */,
				173C099F1EC5F1760061536A /* ViewController.swift */,
				173C09A11EC5F1760061536A /* Main.storyboard */,
				173C09A41EC5F1760061536A /* Assets.xcassets */,
				173C09A61EC5F1770061536A /* LaunchScreen.storyboard */,
				173C09A91EC5F1770061536A /* Info.plist */,
			);
			path = TVPBundleDemo;
			sourceTree = "<group>";
		};
		173C09B41EC5F1910061536A /* TVPBundle */ = {
			isa = PBXGroup;
			children = (
				175C26751EC5F3C4005B54FE /* circle@2x.png */,
				175C26761EC5F3C4005B54FE /* mute.png */,
				175C26771EC5F3C4005B54FE /* pause.png */,
				175C26781EC5F3C4005B54FE /* placeholder1.png */,
				175C26791EC5F3C4005B54FE /* placeholder.png */,
				175C267A1EC5F3C4005B54FE /* play.png */,
				175C267B1EC5F3C4005B54FE /* qualityhd.png */,
				175C267C1EC5F3C4005B54FE /* quality.png */,
				175C267D1EC5F3C4005B54FE /* fullscreenIN1.png */,
				175C267E1EC5F3C4005B54FE /* fullscreenOUT.png */,
				175C267F1EC5F3C4005B54FE /* speaker.png */,
				173C09B51EC5F1910061536A /* Info.plist */,
			);
			path = TVPBundle;
			sourceTree = "<group>";
		};
/* End PBXGroup section */

/* Begin PBXNativeTarget section */
		173C09991EC5F1760061536A /* TVPBundleDemo */ = {
			isa = PBXNativeTarget;
			buildConfigurationList = 173C09AC1EC5F1770061536A /* Build configuration list for PBXNativeTarget "TVPBundleDemo" */;
			buildPhases = (
				173C09961EC5F1760061536A /* Sources */,
				173C09971EC5F1760061536A /* Frameworks */,
				173C09981EC5F1760061536A /* Resources */,
			);
			buildRules = (
			);
			dependencies = (
			);
			name = TVPBundleDemo;
			productName = TVPBundleDemo;
			productReference = 173C099A1EC5F1760061536A /* TVPBundleDemo.app */;
			productType = "com.apple.product-type.application";
		};
		173C09B21EC5F1910061536A /* TVPBundle */ = {
			isa = PBXNativeTarget;
			buildConfigurationList = 173C09B61EC5F1910061536A /* Build configuration list for PBXNativeTarget "TVPBundle" */;
			buildPhases = (
				173C09AF1EC5F1910061536A /* Sources */,
				173C09B01EC5F1910061536A /* Frameworks */,
				173C09B11EC5F1910061536A /* Resources */,
			);
			buildRules = (
			);
			dependencies = (
			);
			name = TVPBundle;
			productName = TVPBundle;
			productReference = 173C09B31EC5F1910061536A /* TVPBundle.bundle */;
			productType = "com.apple.product-type.bundle";
		};
/* End PBXNativeTarget section */

/* Begin PBXProject section */
		173C09921EC5F1760061536A /* Project object */ = {
			isa = PBXProject;
			attributes = {
				LastSwiftUpdateCheck = 0830;
				LastUpgradeCheck = 0830;
				ORGANIZATIONNAME = devubhamanek;
				TargetAttributes = {
					173C09991EC5F1760061536A = {
						CreatedOnToolsVersion = 8.3;
						DevelopmentTeam = CJESF9R9MD;
						ProvisioningStyle = Automatic;
					};
					173C09B21EC5F1910061536A = {
						CreatedOnToolsVersion = 8.3;
						ProvisioningStyle = Automatic;
					};
				};
			};
			buildConfigurationList = 173C09951EC5F1760061536A /* Build configuration list for PBXProject "TVPBundleDemo" */;
			compatibilityVersion = "Xcode 3.2";
			developmentRegion = English;
			hasScannedForEncodings = 0;
			knownRegions = (
				en,
				Base,
			);
			mainGroup = 173C09911EC5F1760061536A;
			productRefGroup = 173C099B1EC5F1760061536A /* Products */;
			projectDirPath = "";
			projectRoot = "";
			targets = (
				173C09991EC5F1760061536A /* TVPBundleDemo */,
				173C09B21EC5F1910061536A /* TVPBundle */,
			);
		};
/* End PBXProject section */

/* Begin PBXResourcesBuildPhase section */
		173C09981EC5F1760061536A /* Resources */ = {
			isa = PBXResourcesBuildPhase;
			buildActionMask = 2147483647;
			files = (
				173C09A81EC5F1770061536A /* LaunchScreen.storyboard in Resources */,
				173C09A51EC5F1760061536A /* Assets.xcassets in Resources */,
				173C09A31EC5F1760061536A /* Main.storyboard in Resources */,
			);
			runOnlyForDeploymentPostprocessing = 0;
		};
		173C09B11EC5F1910061536A /* Resources */ = {
			isa = PBXResourcesBuildPhase;
			buildActionMask = 2147483647;
			files = (
				175C26811EC5F3C4005B54FE /* mute.png in Resources */,
				175C26801EC5F3C4005B54FE /* circle@2x.png in Resources */,
				175C26861EC5F3C4005B54FE /* qualityhd.png in Resources */,
				175C26891EC5F3C4005B54FE /* fullscreenOUT.png in Resources */,
				175C26821EC5F3C4005B54FE /* pause.png in Resources */,
				175C26841EC5F3C4005B54FE /* placeholder.png in Resources */,
				175C26831EC5F3C4005B54FE /* placeholder1.png in Resources */,
				175C26851EC5F3C4005B54FE /* play.png in Resources */,
				175C26871EC5F3C4005B54FE /* quality.png in Resources */,
				175C26881EC5F3C4005B54FE /* fullscreenIN1.png in Resources */,
				175C268A1EC5F3C4005B54FE /* speaker.png in Resources */,
			);
			runOnlyForDeploymentPostprocessing = 0;
		};
/* End PBXResourcesBuildPhase section */

/* Begin PBXSourcesBuildPhase section */
		173C09961EC5F1760061536A /* Sources */ = {
			isa = PBXSourcesBuildPhase;
			buildActionMask = 2147483647;
			files = (
				173C09A01EC5F1760061536A /* ViewController.swift in Sources */,
				173C099E1EC5F1760061536A /* AppDelegate.swift in Sources */,
			);
			runOnlyForDeploymentPostprocessing = 0;
		};
		173C09AF1EC5F1910061536A /* Sources */ = {
			isa = PBXSourcesBuildPhase;
			buildActionMask = 2147483647;
			files = (
			);
			runOnlyForDeploymentPostprocessing = 0;
		};
/* End PBXSourcesBuildPhase section */

/* Begin PBXVariantGroup section */
		173C09A11EC5F1760061536A /* Main.storyboard */ = {
			isa = PBXVariantGroup;
			children = (
				173C09A21EC5F1760061536A /* Base */,
			);
			name = Main.storyboard;
			sourceTree = "<group>";
		};
		173C09A61EC5F1770061536A /* LaunchScreen.storyboard */ = {
			isa = PBXVariantGroup;
			children = (
				173C09A71EC5F1770061536A /* Base */,
			);
			name = LaunchScreen.storyboard;
			sourceTree = "<group>";
		};
/* End PBXVariantGroup section */

/* Begin XCBuildConfiguration section */
		173C09AA1EC5F1770061536A /* Debug */ = {
			isa = XCBuildConfiguration;
			buildSettings = {
				ALWAYS_SEARCH_USER_PATHS = NO;
				CLANG_ANALYZER_NONNULL = YES;
				CLANG_ANALYZER_NUMBER_OBJECT_CONVERSION = YES_AGGRESSIVE;
				CLANG_CXX_LANGUAGE_STANDARD = "gnu++0x";
				CLANG_CXX_LIBRARY = "libc++";
				CLANG_ENABLE_MODULES = YES;
				CLANG_ENABLE_OBJC_ARC = YES;
				CLANG_WARN_BOOL_CONVERSION = YES;
				CLANG_WARN_CONSTANT_CONVERSION = YES;
				CLANG_WARN_DIRECT_OBJC_ISA_USAGE = YES_ERROR;
				CLANG_WARN_DOCUMENTATION_COMMENTS = YES;
				CLANG_WARN_EMPTY_BODY = YES;
				CLANG_WARN_ENUM_CONVERSION = YES;
				CLANG_WARN_INFINITE_RECURSION = YES;
				CLANG_WARN_INT_CONVERSION = YES;
				CLANG_WARN_OBJC_ROOT_CLASS = YES_ERROR;
				CLANG_WARN_SUSPICIOUS_MOVE = YES;
				CLANG_WARN_UNREACHABLE_CODE = YES;
				CLANG_WARN__DUPLICATE_METHOD_MATCH = YES;
				"CODE_SIGN_IDENTITY[sdk=iphoneos*]" = "";
				COPY_PHASE_STRIP = NO;
				DEBUG_INFORMATION_FORMAT = dwarf;
				ENABLE_STRICT_OBJC_MSGSEND = YES;
				ENABLE_TESTABILITY = YES;
				GCC_C_LANGUAGE_STANDARD = gnu99;
				GCC_DYNAMIC_NO_PIC = NO;
				GCC_NO_COMMON_BLOCKS = YES;
				GCC_OPTIMIZATION_LEVEL = 0;
				GCC_PREPROCESSOR_DEFINITIONS = (
					"DEBUG=1",
					"$(inherited)",
				);
				GCC_WARN_64_TO_32_BIT_CONVERSION = YES;
				GCC_WARN_ABOUT_RETURN_TYPE = YES_ERROR;
				GCC_WARN_UNDECLARED_SELECTOR = YES;
				GCC_WARN_UNINITIALIZED_AUTOS = YES_AGGRESSIVE;
				GCC_WARN_UNUSED_FUNCTION = YES;
				GCC_WARN_UNUSED_VARIABLE = YES;
				IPHONEOS_DEPLOYMENT_TARGET = 10.3;
				MTL_ENABLE_DEBUG_INFO = YES;
				ONLY_ACTIVE_ARCH = YES;
				SDKROOT = iphoneos;
				SWIFT_ACTIVE_COMPILATION_CONDITIONS = DEBUG;
				SWIFT_OPTIMIZATION_LEVEL = "-Onone";
				TARGETED_DEVICE_FAMILY = "1,2";
			};
			name = Debug;
		};
		173C09AB1EC5F1770061536A /* Release */ = {
			isa = XCBuildConfiguration;
			buildSettings = {
				ALWAYS_SEARCH_USER_PATHS = NO;
				CLANG_ANALYZER_NONNULL = YES;
				CLANG_ANALYZER_NUMBER_OBJECT_CONVERSION = YES_AGGRESSIVE;
				CLANG_CXX_LANGUAGE_STANDARD = "gnu++0x";
				CLANG_CXX_LIBRARY = "libc++";
				CLANG_ENABLE_MODULES = YES;
				CLANG_ENABLE_OBJC_ARC = YES;
				CLANG_WARN_BOOL_CONVERSION = YES;
				CLANG_WARN_CONSTANT_CONVERSION = YES;
				CLANG_WARN_DIRECT_OBJC_ISA_USAGE = YES_ERROR;
				CLANG_WARN_DOCUMENTATION_COMMENTS = YES;
				CLANG_WARN_EMPTY_BODY = YES;
				CLANG_WARN_ENUM_CONVERSION = YES;
				CLANG_WARN_INFINITE_RECURSION = YES;
				CLANG_WARN_INT_CONVERSION = YES;
				CLANG_WARN_OBJC_ROOT_CLASS = YES_ERROR;
				CLANG_WARN_SUSPICIOUS_MOVE = YES;
				CLANG_WARN_UNREACHABLE_CODE = YES;
				CLANG_WARN__DUPLICATE_METHOD_MATCH = YES;
				"CODE_SIGN_IDENTITY[sdk=iphoneos*]" = "";
				COPY_PHASE_STRIP = NO;
				DEBUG_INFORMATION_FORMAT = "dwarf-with-dsym";
				ENABLE_NS_ASSERTIONS = NO;
				ENABLE_STRICT_OBJC_MSGSEND = YES;
				GCC_C_LANGUAGE_STANDARD = gnu99;
				GCC_NO_COMMON_BLOCKS = YES;
				GCC_WARN_64_TO_32_BIT_CONVERSION = YES;
				GCC_WARN_ABOUT_RETURN_TYPE = YES_ERROR;
				GCC_WARN_UNDECLARED_SELECTOR = YES;
				GCC_WARN_UNINITIALIZED_AUTOS = YES_AGGRESSIVE;
				GCC_WARN_UNUSED_FUNCTION = YES;
				GCC_WARN_UNUSED_VARIABLE = YES;
				IPHONEOS_DEPLOYMENT_TARGET = 10.3;
				MTL_ENABLE_DEBUG_INFO = NO;
				SDKROOT = iphoneos;
				SWIFT_OPTIMIZATION_LEVEL = "-Owholemodule";
				TARGETED_DEVICE_FAMILY = "1,2";
				VALIDATE_PRODUCT = YES;
			};
			name = Release;
		};
		173C09AD1EC5F1770061536A /* Debug */ = {
			isa = XCBuildConfiguration;
			buildSettings = {
				ASSETCATALOG_COMPILER_APPICON_NAME = AppIcon;
				DEVELOPMENT_TEAM = CJESF9R9MD;
				INFOPLIST_FILE = TVPBundleDemo/Info.plist;
				LD_RUNPATH_SEARCH_PATHS = "$(inherited) @executable_path/Frameworks";
				PRODUCT_BUNDLE_IDENTIFIER = ManekTech.TVPBundleDemo;
				PRODUCT_NAME = "$(TARGET_NAME)";
				SWIFT_VERSION = 3.0;
			};
			name = Debug;
		};
		173C09AE1EC5F1770061536A /* Release */ = {
			isa = XCBuildConfiguration;
			buildSettings = {
				ASSETCATALOG_COMPILER_APPICON_NAME = AppIcon;
				DEVELOPMENT_TEAM = CJESF9R9MD;
				INFOPLIST_FILE = TVPBundleDemo/Info.plist;
				LD_RUNPATH_SEARCH_PATHS = "$(inherited) @executable_path/Frameworks";
				PRODUCT_BUNDLE_IDENTIFIER = ManekTech.TVPBundleDemo;
				PRODUCT_NAME = "$(TARGET_NAME)";
				SWIFT_VERSION = 3.0;
			};
			name = Release;
		};
		173C09B71EC5F1910061536A /* Debug */ = {
			isa = XCBuildConfiguration;
			buildSettings = {
				CODE_SIGN_IDENTITY = "";
				CODE_SIGN_STYLE = Automatic;
				COMBINE_HIDPI_IMAGES = YES;
				DEVELOPMENT_TEAM = "";
				INFOPLIST_FILE = TVPBundle/Info.plist;
				INSTALL_PATH = "$(LOCAL_LIBRARY_DIR)/Bundles";
				MACOSX_DEPLOYMENT_TARGET = 10.12;
				PRODUCT_BUNDLE_IDENTIFIER = com.TVPBundle;
				PRODUCT_NAME = "$(TARGET_NAME)";
				PROVISIONING_PROFILE_SPECIFIER = "";
				SDKROOT = iphoneos;
				SKIP_INSTALL = NO;
				WRAPPER_EXTENSION = bundle;
			};
			name = Debug;
		};
		173C09B81EC5F1910061536A /* Release */ = {
			isa = XCBuildConfiguration;
			buildSettings = {
				CODE_SIGN_IDENTITY = "";
				CODE_SIGN_STYLE = Automatic;
				COMBINE_HIDPI_IMAGES = YES;
				DEVELOPMENT_TEAM = "";
				INFOPLIST_FILE = TVPBundle/Info.plist;
				INSTALL_PATH = "$(LOCAL_LIBRARY_DIR)/Bundles";
				MACOSX_DEPLOYMENT_TARGET = 10.12;
				PRODUCT_BUNDLE_IDENTIFIER = com.TVPBundle;
				PRODUCT_NAME = "$(TARGET_NAME)";
				PROVISIONING_PROFILE_SPECIFIER = "";
				SDKROOT = iphoneos;
				SKIP_INSTALL = NO;
				WRAPPER_EXTENSION = bundle;
			};
			name = Release;
		};
/* End XCBuildConfiguration section */

/* Begin XCConfigurationList section */
		173C09951EC5F1760061536A /* Build configuration list for PBXProject "TVPBundleDemo" */ = {
			isa = XCConfigurationList;
			buildConfigurations = (
				173C09AA1EC5F1770061536A /* Debug */,
				173C09AB1EC5F1770061536A /* Release */,
			);
			defaultConfigurationIsVisible = 0;
			defaultConfigurationName = Release;
		};
		173C09AC1EC5F1770061536A /* Build configuration list for PBXNativeTarget "TVPBundleDemo" */ = {
			isa = XCConfigurationList;
			buildConfigurations = (
				173C09AD1EC5F1770061536A /* Debug */,
				173C09AE1EC5F1770061536A /* Release */,
			);
			defaultConfigurationIsVisible = 0;
			defaultConfigurationName = Release;
		};
		173C09B61EC5F1910061536A /* Build configuration list for PBXNativeTarget "TVPBundle" */ = {
			isa = XCConfigurationList;
			buildConfigurations = (
				173C09B71EC5F1910061536A /* Debug */,
				173C09B81EC5F1910061536A /* Release */,
			);
			defaultConfigurationIsVisible = 0;
			defaultConfigurationName = Release;
		};
/* End XCConfigurationList section */
	};
	rootObject = 173C09921EC5F1760061536A /* Project object */;
}
